// !$*UTF8*$!
{
	archiveVersion = 1;
	classes = {
	};
	objectVersion = 46;
	objects = {

/* Begin PBXBuildFile section */
		0678264CE491E7B1E7EE9C94 /* Pods_TestApp.framework in Frameworks */ = {isa = PBXBuildFile; fileRef = BEBD919E4D98F8B8147BC8D7 /* Pods_TestApp.framework */; };
		5332404D1F167CF3008B5FA9 /* AppDelegate.swift in Sources */ = {isa = PBXBuildFile; fileRef = 5332404C1F167CF3008B5FA9 /* AppDelegate.swift */; };
		5332404F1F167CF3008B5FA9 /* ViewController.swift in Sources */ = {isa = PBXBuildFile; fileRef = 5332404E1F167CF3008B5FA9 /* ViewController.swift */; };
		533240541F167CF3008B5FA9 /* Assets.xcassets in Resources */ = {isa = PBXBuildFile; fileRef = 533240531F167CF3008B5FA9 /* Assets.xcassets */; };
		533240571F167CF3008B5FA9 /* LaunchScreen.storyboard in Resources */ = {isa = PBXBuildFile; fileRef = 533240551F167CF3008B5FA9 /* LaunchScreen.storyboard */; };
		5332405F1F168BA8008B5FA9 /* NetworkManager.swift in Sources */ = {isa = PBXBuildFile; fileRef = 5332405E1F168BA8008B5FA9 /* NetworkManager.swift */; };
		533240621F1695E7008B5FA9 /* MainModel.swift in Sources */ = {isa = PBXBuildFile; fileRef = 533240611F1695E7008B5FA9 /* MainModel.swift */; };
		533240641F169642008B5FA9 /* HeaderModel.swift in Sources */ = {isa = PBXBuildFile; fileRef = 533240631F169642008B5FA9 /* HeaderModel.swift */; };
/* End PBXBuildFile section */

/* Begin PBXFileReference section */
		1DB8E81BB0F3A57380299390 /* Pods-TestApp.release.xcconfig */ = {isa = PBXFileReference; includeInIndex = 1; lastKnownFileType = text.xcconfig; name = "Pods-TestApp.release.xcconfig"; path = "Pods/Target Support Files/Pods-TestApp/Pods-TestApp.release.xcconfig"; sourceTree = "<group>"; };
		533240491F167CF3008B5FA9 /* TestApp.app */ = {isa = PBXFileReference; explicitFileType = wrapper.application; includeInIndex = 0; path = TestApp.app; sourceTree = BUILT_PRODUCTS_DIR; };
		5332404C1F167CF3008B5FA9 /* AppDelegate.swift */ = {isa = PBXFileReference; lastKnownFileType = sourcecode.swift; path = AppDelegate.swift; sourceTree = "<group>"; };
		5332404E1F167CF3008B5FA9 /* ViewController.swift */ = {isa = PBXFileReference; lastKnownFileType = sourcecode.swift; path = ViewController.swift; sourceTree = "<group>"; };
		533240531F167CF3008B5FA9 /* Assets.xcassets */ = {isa = PBXFileReference; lastKnownFileType = folder.assetcatalog; path = Assets.xcassets; sourceTree = "<group>"; };
		533240561F167CF3008B5FA9 /* Base */ = {isa = PBXFileReference; lastKnownFileType = file.storyboard; name = Base; path = Base.lproj/LaunchScreen.storyboard; sourceTree = "<group>"; };
		533240581F167CF3008B5FA9 /* Info.plist */ = {isa = PBXFileReference; lastKnownFileType = text.plist.xml; path = Info.plist; sourceTree = "<group>"; };
		5332405E1F168BA8008B5FA9 /* NetworkManager.swift */ = {isa = PBXFileReference; fileEncoding = 4; lastKnownFileType = sourcecode.swift; path = NetworkManager.swift; sourceTree = "<group>"; };
		533240611F1695E7008B5FA9 /* MainModel.swift */ = {isa = PBXFileReference; fileEncoding = 4; lastKnownFileType = sourcecode.swift; name = MainModel.swift; path = JSONModels/MainModel.swift; sourceTree = "<group>"; };
		533240631F169642008B5FA9 /* HeaderModel.swift */ = {isa = PBXFileReference; fileEncoding = 4; lastKnownFileType = sourcecode.swift; name = HeaderModel.swift; path = JSONModels/HeaderModel.swift; sourceTree = "<group>"; };
		8391651F94DCA710562C7E0E /* Pods-TestApp.debug.xcconfig */ = {isa = PBXFileReference; includeInIndex = 1; lastKnownFileType = text.xcconfig; name = "Pods-TestApp.debug.xcconfig"; path = "Pods/Target Support Files/Pods-TestApp/Pods-TestApp.debug.xcconfig"; sourceTree = "<group>"; };
		BEBD919E4D98F8B8147BC8D7 /* Pods_TestApp.framework */ = {isa = PBXFileReference; explicitFileType = wrapper.framework; includeInIndex = 0; path = Pods_TestApp.framework; sourceTree = BUILT_PRODUCTS_DIR; };
/* End PBXFileReference section */

/* Begin PBXFrameworksBuildPhase section */
		533240461F167CF3008B5FA9 /* Frameworks */ = {
			isa = PBXFrameworksBuildPhase;
			buildActionMask = 2147483647;
			files = (
				0678264CE491E7B1E7EE9C94 /* Pods_TestApp.framework in Frameworks */,
			);
			runOnlyForDeploymentPostprocessing = 0;
		};
/* End PBXFrameworksBuildPhase section */

/* Begin PBXGroup section */
		07CB3FB4DCB228751543A976 /* Frameworks */ = {
			isa = PBXGroup;
			children = (
				BEBD919E4D98F8B8147BC8D7 /* Pods_TestApp.framework */,
			);
			name = Frameworks;
			sourceTree = "<group>";
		};
		37060AA8B9131D784E35391B /* Pods */ = {
			isa = PBXGroup;
			children = (
				8391651F94DCA710562C7E0E /* Pods-TestApp.debug.xcconfig */,
				1DB8E81BB0F3A57380299390 /* Pods-TestApp.release.xcconfig */,
			);
			name = Pods;
			sourceTree = "<group>";
		};
		533240401F167CF3008B5FA9 = {
			isa = PBXGroup;
			children = (
				5332404B1F167CF3008B5FA9 /* TestApp */,
				5332404A1F167CF3008B5FA9 /* Products */,
				37060AA8B9131D784E35391B /* Pods */,
				07CB3FB4DCB228751543A976 /* Frameworks */,
			);
			sourceTree = "<group>";
		};
		5332404A1F167CF3008B5FA9 /* Products */ = {
			isa = PBXGroup;
			children = (
				533240491F167CF3008B5FA9 /* TestApp.app */,
			);
			name = Products;
			sourceTree = "<group>";
		};
		5332404B1F167CF3008B5FA9 /* TestApp */ = {
			isa = PBXGroup;
			children = (
				533240601F1695B3008B5FA9 /* JSONModels */,
				5332404C1F167CF3008B5FA9 /* AppDelegate.swift */,
				5332404E1F167CF3008B5FA9 /* ViewController.swift */,
				533240531F167CF3008B5FA9 /* Assets.xcassets */,
				533240551F167CF3008B5FA9 /* LaunchScreen.storyboard */,
				533240581F167CF3008B5FA9 /* Info.plist */,
				5332405E1F168BA8008B5FA9 /* NetworkManager.swift */,
			);
			path = TestApp;
			sourceTree = "<group>";
		};
		533240601F1695B3008B5FA9 /* JSONModels */ = {
			isa = PBXGroup;
			children = (
				533240611F1695E7008B5FA9 /* MainModel.swift */,
				533240631F169642008B5FA9 /* HeaderModel.swift */,
			);
			name = JSONModels;
			sourceTree = "<group>";
		};
/* End PBXGroup section */

/* Begin PBXNativeTarget section */
		533240481F167CF3008B5FA9 /* TestApp */ = {
			isa = PBXNativeTarget;
			buildConfigurationList = 5332405B1F167CF3008B5FA9 /* Build configuration list for PBXNativeTarget "TestApp" */;
			buildPhases = (
				7FC573ECF4A5FC51ED47F03F /* [CP] Check Pods Manifest.lock */,
				533240451F167CF3008B5FA9 /* Sources */,
				533240461F167CF3008B5FA9 /* Frameworks */,
				533240471F167CF3008B5FA9 /* Resources */,
				49569CAA5F57EEEA297DB8C2 /* [CP] Embed Pods Frameworks */,
				5DE9093EEAC54CCE4B7C09B9 /* [CP] Copy Pods Resources */,
			);
			buildRules = (
			);
			dependencies = (
			);
			name = TestApp;
			productName = TestApp;
			productReference = 533240491F167CF3008B5FA9 /* TestApp.app */;
			productType = "com.apple.product-type.application";
		};
/* End PBXNativeTarget section */

/* Begin PBXProject section */
		533240411F167CF3008B5FA9 /* Project object */ = {
			isa = PBXProject;
			attributes = {
				LastSwiftUpdateCheck = 0820;
				LastUpgradeCheck = 0820;
				ORGANIZATIONNAME = "Юля Пономарева";
				TargetAttributes = {
					533240481F167CF3008B5FA9 = {
						CreatedOnToolsVersion = 8.2.1;
						DevelopmentTeam = BRG69SQZDF;
						ProvisioningStyle = Automatic;
					};
				};
			};
			buildConfigurationList = 533240441F167CF3008B5FA9 /* Build configuration list for PBXProject "TestApp" */;
			compatibilityVersion = "Xcode 3.2";
			developmentRegion = English;
			hasScannedForEncodings = 0;
			knownRegions = (
				en,
				Base,
			);
			mainGroup = 533240401F167CF3008B5FA9;
			productRefGroup = 5332404A1F167CF3008B5FA9 /* Products */;
			projectDirPath = "";
			projectRoot = "";
			targets = (
				533240481F167CF3008B5FA9 /* TestApp */,
			);
		};
/* End PBXProject section */

/* Begin PBXResourcesBuildPhase section */
		533240471F167CF3008B5FA9 /* Resources */ = {
			isa = PBXResourcesBuildPhase;
			buildActionMask = 2147483647;
			files = (
				533240571F167CF3008B5FA9 /* LaunchScreen.storyboard in Resources */,
				533240541F167CF3008B5FA9 /* Assets.xcassets in Resources */,
			);
			runOnlyForDeploymentPostprocessing = 0;
		};
/* End PBXResourcesBuildPhase section */

/* Begin PBXShellScriptBuildPhase section */
		49569CAA5F57EEEA297DB8C2 /* [CP] Embed Pods Frameworks */ = {
			isa = PBXShellScriptBuildPhase;
			buildActionMask = 2147483647;
			files = (
			);
			inputPaths = (
			);
			name = "[CP] Embed Pods Frameworks";
			outputPaths = (
			);
			runOnlyForDeploymentPostprocessing = 0;
			shellPath = /bin/sh;
			shellScript = "\"${SRCROOT}/Pods/Target Support Files/Pods-TestApp/Pods-TestApp-frameworks.sh\"\n";
			showEnvVarsInLog = 0;
		};
		5DE9093EEAC54CCE4B7C09B9 /* [CP] Copy Pods Resources */ = {
			isa = PBXShellScriptBuildPhase;
			buildActionMask = 2147483647;
			files = (
			);
			inputPaths = (
			);
			name = "[CP] Copy Pods Resources";
			outputPaths = (
			);
			runOnlyForDeploymentPostprocessing = 0;
			shellPath = /bin/sh;
			shellScript = "\"${SRCROOT}/Pods/Target Support Files/Pods-TestApp/Pods-TestApp-resources.sh\"\n";
			showEnvVarsInLog = 0;
		};
		7FC573ECF4A5FC51ED47F03F /* [CP] Check Pods Manifest.lock */ = {
			isa = PBXShellScriptBuildPhase;
			buildActionMask = 2147483647;
			files = (
			);
			inputPaths = (
			);
			name = "[CP] Check Pods Manifest.lock";
			outputPaths = (
			);
			runOnlyForDeploymentPostprocessing = 0;
			shellPath = /bin/sh;
			shellScript = "diff \"${PODS_PODFILE_DIR_PATH}/Podfile.lock\" \"${PODS_ROOT}/Manifest.lock\" > /dev/null\nif [ $? != 0 ] ; then\n    # print error to STDERR\n    echo \"error: The sandbox is not in sync with the Podfile.lock. Run 'pod install' or update your CocoaPods installation.\" >&2\n    exit 1\nfi\n";
			showEnvVarsInLog = 0;
		};
/* End PBXShellScriptBuildPhase section */

/* Begin PBXSourcesBuildPhase section */
		533240451F167CF3008B5FA9 /* Sources */ = {
			isa = PBXSourcesBuildPhase;
			buildActionMask = 2147483647;
			files = (
				533240621F1695E7008B5FA9 /* MainModel.swift in Sources */,
				5332405F1F168BA8008B5FA9 /* NetworkManager.swift in Sources */,
				5332404F1F167CF3008B5FA9 /* ViewController.swift in Sources */,
				5332404D1F167CF3008B5FA9 /* AppDelegate.swift in Sources */,
				533240641F169642008B5FA9 /* HeaderModel.swift in Sources */,
			);
			runOnlyForDeploymentPostprocessing = 0;
		};
/* End PBXSourcesBuildPhase section */

/* Begin PBXVariantGroup section */
		533240551F167CF3008B5FA9 /* LaunchScreen.storyboard */ = {
			isa = PBXVariantGroup;
			children = (
				533240561F167CF3008B5FA9 /* Base */,
			);
			name = LaunchScreen.storyboard;
			sourceTree = "<group>";
		};
/* End PBXVariantGroup section */

/* Begin XCBuildConfiguration section */
		533240591F167CF3008B5FA9 /* Debug */ = {
			isa = XCBuildConfiguration;
			buildSettings = {
				ALWAYS_SEARCH_USER_PATHS = NO;
				CLANG_ANALYZER_NONNULL = YES;
				CLANG_CXX_LANGUAGE_STANDARD = "gnu++0x";
				CLANG_CXX_LIBRARY = "libc++";
				CLANG_ENABLE_MODULES = YES;
				CLANG_ENABLE_OBJC_ARC = YES;
				CLANG_WARN_BOOL_CONVERSION = YES;
				CLANG_WARN_CONSTANT_CONVERSION = YES;
				CLANG_WARN_DIRECT_OBJC_ISA_USAGE = YES_ERROR;
				CLANG_WARN_DOCUMENTATION_COMMENTS = YES;
				CLANG_WARN_EMPTY_BODY = YES;
				CLANG_WARN_ENUM_CONVERSION = YES;
				CLANG_WARN_INFINITE_RECURSION = YES;
				CLANG_WARN_INT_CONVERSION = YES;
				CLANG_WARN_OBJC_ROOT_CLASS = YES_ERROR;
				CLANG_WARN_SUSPICIOUS_MOVE = YES;
				CLANG_WARN_UNREACHABLE_CODE = YES;
				CLANG_WARN__DUPLICATE_METHOD_MATCH = YES;
				"CODE_SIGN_IDENTITY[sdk=iphoneos*]" = "iPhone Developer";
				COPY_PHASE_STRIP = NO;
				DEBUG_INFORMATION_FORMAT = dwarf;
				ENABLE_STRICT_OBJC_MSGSEND = YES;
				ENABLE_TESTABILITY = YES;
				GCC_C_LANGUAGE_STANDARD = gnu99;
				GCC_DYNAMIC_NO_PIC = NO;
				GCC_NO_COMMON_BLOCKS = YES;
				GCC_OPTIMIZATION_LEVEL = 0;
				GCC_PREPROCESSOR_DEFINITIONS = (
					"DEBUG=1",
					"$(inherited)",
				);
				GCC_WARN_64_TO_32_BIT_CONVERSION = YES;
				GCC_WARN_ABOUT_RETURN_TYPE = YES_ERROR;
				GCC_WARN_UNDECLARED_SELECTOR = YES;
				GCC_WARN_UNINITIALIZED_AUTOS = YES_AGGRESSIVE;
				GCC_WARN_UNUSED_FUNCTION = YES;
				GCC_WARN_UNUSED_VARIABLE = YES;
				IPHONEOS_DEPLOYMENT_TARGET = 10.2;
				MTL_ENABLE_DEBUG_INFO = YES;
				ONLY_ACTIVE_ARCH = YES;
				SDKROOT = iphoneos;
				SWIFT_ACTIVE_COMPILATION_CONDITIONS = DEBUG;
				SWIFT_OPTIMIZATION_LEVEL = "-Onone";
			};
			name = Debug;
		};
		5332405A1F167CF3008B5FA9 /* Release */ = {
			isa = XCBuildConfiguration;
			buildSettings = {
				ALWAYS_SEARCH_USER_PATHS = NO;
				CLANG_ANALYZER_NONNULL = YES;
				CLANG_CXX_LANGUAGE_STANDARD = "gnu++0x";
				CLANG_CXX_LIBRARY = "libc++";
				CLANG_ENABLE_MODULES = YES;
				CLANG_ENABLE_OBJC_ARC = YES;
				CLANG_WARN_BOOL_CONVERSION = YES;
				CLANG_WARN_CONSTANT_CONVERSION = YES;
				CLANG_WARN_DIRECT_OBJC_ISA_USAGE = YES_ERROR;
				CLANG_WARN_DOCUMENTATION_COMMENTS = YES;
				CLANG_WARN_EMPTY_BODY = YES;
				CLANG_WARN_ENUM_CONVERSION = YES;
				CLANG_WARN_INFINITE_RECURSION = YES;
				CLANG_WARN_INT_CONVERSION = YES;
				CLANG_WARN_OBJC_ROOT_CLASS = YES_ERROR;
				CLANG_WARN_SUSPICIOUS_MOVE = YES;
				CLANG_WARN_UNREACHABLE_CODE = YES;
				CLANG_WARN__DUPLICATE_METHOD_MATCH = YES;
				"CODE_SIGN_IDENTITY[sdk=iphoneos*]" = "iPhone Developer";
				COPY_PHASE_STRIP = NO;
				DEBUG_INFORMATION_FORMAT = "dwarf-with-dsym";
				ENABLE_NS_ASSERTIONS = NO;
				ENABLE_STRICT_OBJC_MSGSEND = YES;
				GCC_C_LANGUAGE_STANDARD = gnu99;
				GCC_NO_COMMON_BLOCKS = YES;
				GCC_WARN_64_TO_32_BIT_CONVERSION = YES;
				GCC_WARN_ABOUT_RETURN_TYPE = YES_ERROR;
				GCC_WARN_UNDECLARED_SELECTOR = YES;
				GCC_WARN_UNINITIALIZED_AUTOS = YES_AGGRESSIVE;
				GCC_WARN_UNUSED_FUNCTION = YES;
				GCC_WARN_UNUSED_VARIABLE = YES;
				IPHONEOS_DEPLOYMENT_TARGET = 10.2;
				MTL_ENABLE_DEBUG_INFO = NO;
				SDKROOT = iphoneos;
				SWIFT_OPTIMIZATION_LEVEL = "-Owholemodule";
				VALIDATE_PRODUCT = YES;
			};
			name = Release;
		};
		5332405C1F167CF3008B5FA9 /* Debug */ = {
			isa = XCBuildConfiguration;
			baseConfigurationReference = 8391651F94DCA710562C7E0E /* Pods-TestApp.debug.xcconfig */;
			buildSettings = {
				ASSETCATALOG_COMPILER_APPICON_NAME = AppIcon;
				DEVELOPMENT_TEAM = BRG69SQZDF;
				INFOPLIST_FILE = TestApp/Info.plist;
				LD_RUNPATH_SEARCH_PATHS = "$(inherited) @executable_path/Frameworks";
				PRODUCT_BUNDLE_IDENTIFIER = yulia.TestApp;
				PRODUCT_NAME = "$(TARGET_NAME)";
				SWIFT_VERSION = 3.0;
			};
			name = Debug;
		};
		5332405D1F167CF3008B5FA9 /* Release */ = {
			isa = XCBuildConfiguration;
			baseConfigurationReference = 1DB8E81BB0F3A57380299390 /* Pods-TestApp.release.xcconfig */;
			buildSettings = {
				ASSETCATALOG_COMPILER_APPICON_NAME = AppIcon;
				DEVELOPMENT_TEAM = BRG69SQZDF;
				INFOPLIST_FILE = TestApp/Info.plist;
				LD_RUNPATH_SEARCH_PATHS = "$(inherited) @executable_path/Frameworks";
				PRODUCT_BUNDLE_IDENTIFIER = yulia.TestApp;
				PRODUCT_NAME = "$(TARGET_NAME)";
				SWIFT_VERSION = 3.0;
			};
			name = Release;
		};
/* End XCBuildConfiguration section */

/* Begin XCConfigurationList section */
		533240441F167CF3008B5FA9 /* Build configuration list for PBXProject "TestApp" */ = {
			isa = XCConfigurationList;
			buildConfigurations = (
				533240591F167CF3008B5FA9 /* Debug */,
				5332405A1F167CF3008B5FA9 /* Release */,
			);
			defaultConfigurationIsVisible = 0;
			defaultConfigurationName = Release;
		};
		5332405B1F167CF3008B5FA9 /* Build configuration list for PBXNativeTarget "TestApp" */ = {
			isa = XCConfigurationList;
			buildConfigurations = (
				5332405C1F167CF3008B5FA9 /* Debug */,
				5332405D1F167CF3008B5FA9 /* Release */,
			);
			defaultConfigurationIsVisible = 0;
			defaultConfigurationName = Release;
		};
/* End XCConfigurationList section */
	};
	rootObject = 533240411F167CF3008B5FA9 /* Project object */;
}
